
Microsoft Visual Studio Solution File, Format Version 9.00
# Visual Studio 2005
Project("{FAE04EC0-301F-11D3-BF4B-00C04F79EFBC}") = "DAL", "DAL.csproj", "{14AE84A9-4296-4F0C-A343-D2F8112646D6}"
EndProject
Global
	GlobalSection(SolutionConfigurationPlatforms) = preSolution
		Debug|Any CPU = Debug|Any CPU
		Release|Any CPU = Release|Any CPU
	EndGlobalSection
	GlobalSection(ProjectConfigurationPlatforms) = postSolution
		{14AE84A9-4296-4F0C-A343-D2F8112646D6}.Debug|Any CPU.ActiveCfg = Debug|Any CPU
		{14AE84A9-4296-4F0C-A343-D2F8112646D6}.Debug|Any CPU.Build.0 = Debug|Any CPU
		{14AE84A9-4296-4F0C-A343-D2F8112646D6}.Release|Any CPU.ActiveCfg = Release|Any CPU
		{14AE84A9-4296-4F0C-A343-D2F8112646D6}.Release|Any CPU.Build.0 = Release|Any CPU
	EndGlobalSection
	GlobalSection(SolutionProperties) = preSolution
		HideSolutionNode = FALSE
	EndGlobalSection
EndGlobal
