
Microsoft Visual Studio Solution File, Format Version 9.00
# Visual Studio 2005
Project("{E24C65DC-7377-472B-9ABA-BC803B73C61A}") = "C:\...\SaudeOcupacional\", "..\SaudeOcupacional", "{D964257F-0896-4589-A29B-C1DE17781257}"
	ProjectSection(WebsiteProperties) = preProject
		SccProjectName = ""$/Fonte/Aplicativos/SaudeOcupacional", BCAAAAAA"
		SccAuxPath = ""
		SccLocalPath = "."
		SccProvider = "MSSCCI:Microsoft Visual SourceSafe"
		Debug.AspNetCompiler.VirtualPath = "/SaudeOcupacional"
		Debug.AspNetCompiler.PhysicalPath = "..\..\..\..\..\..\Inetpub\wwwroot\SaudeOcupacional\"
		Debug.AspNetCompiler.TargetPath = "PrecompiledWeb\SaudeOcupacional\"
		Debug.AspNetCompiler.Updateable = "true"
		Debug.AspNetCompiler.ForceOverwrite = "true"
		Debug.AspNetCompiler.FixedNames = "false"
		Debug.AspNetCompiler.Debug = "True"
		Release.AspNetCompiler.VirtualPath = "/SaudeOcupacional"
		Release.AspNetCompiler.PhysicalPath = "..\..\..\..\..\..\Inetpub\wwwroot\SaudeOcupacional\"
		Release.AspNetCompiler.TargetPath = "PrecompiledWeb\SaudeOcupacional\"
		Release.AspNetCompiler.Updateable = "true"
		Release.AspNetCompiler.ForceOverwrite = "true"
		Release.AspNetCompiler.FixedNames = "false"
		Release.AspNetCompiler.Debug = "False"
		VWDPort = "1162"
	EndProjectSection
EndProject
Global
	GlobalSection(SourceCodeControl) = preSolution
		SccNumberOfProjects = 1
		SccWebProject0 = true
		SccProjectUniqueName0 = .
		SccProjectName0 = \u0022$/Fonte/Aplicativos/SaudeOcupacional\u0022,\u0020BCAAAAAA
		SccLocalPath0 = C:\\Inetpub\\wwwroot\\SaudeOcupacional
		SccProvider0 = MSSCCI:Microsoft\u0020Visual\u0020SourceSafe
		SccProjectEnlistmentChoice0 = 2
	EndGlobalSection
	GlobalSection(SolutionConfigurationPlatforms) = preSolution
		Debug|.NET = Debug|.NET
	EndGlobalSection
	GlobalSection(ProjectConfigurationPlatforms) = postSolution
		{D964257F-0896-4589-A29B-C1DE17781257}.Debug|.NET.ActiveCfg = Debug|.NET
		{D964257F-0896-4589-A29B-C1DE17781257}.Debug|.NET.Build.0 = Debug|.NET
	EndGlobalSection
	GlobalSection(SolutionProperties) = preSolution
		HideSolutionNode = FALSE
	EndGlobalSection
EndGlobal
